
Microsoft Visual Studio Solution File, Format Version 12.00
# Visual Studio Version 17
VisualStudioVersion = 17.11.35327.3
MinimumVisualStudioVersion = 10.0.40219.1
Project("{FAE04EC0-301F-11D3-BF4B-00C04F79EFBC}") = "7_Calculator", "7_Calculator\7_Calculator.csproj", "{5A3C447E-B02C-4099-8AE5-8457F596325E}"
EndProject
Global
	GlobalSection(SolutionConfigurationPlatforms) = preSolution
		Debug|Any CPU = Debug|Any CPU
		Release|Any CPU = Release|Any CPU
	EndGlobalSection
	GlobalSection(ProjectConfigurationPlatforms) = postSolution
		{5A3C447E-B02C-4099-8AE5-8457F596325E}.Debug|Any CPU.ActiveCfg = Debug|Any CPU
		{5A3C447E-B02C-4099-8AE5-8457F596325E}.Debug|Any CPU.Build.0 = Debug|Any CPU
		{5A3C447E-B02C-4099-8AE5-8457F596325E}.Release|Any CPU.ActiveCfg = Release|Any CPU
		{5A3C447E-B02C-4099-8AE5-8457F596325E}.Release|Any CPU.Build.0 = Release|Any CPU
	EndGlobalSection
	GlobalSection(SolutionProperties) = preSolution
		HideSolutionNode = FALSE
	EndGlobalSection
	GlobalSection(ExtensibilityGlobals) = postSolution
		SolutionGuid = {14BA2732-D320-4DAA-905F-652D09BBC9CB}
	EndGlobalSection
EndGlobal
